// !$*UTF8*$!
{
	archiveVersion = 1;
	classes = {
	};
	objectVersion = 56;
	objects = {

/* Begin PBXBuildFile section */
		1336E7752BB722420000BBFD /* OpenCVWrapper.mm in Sources */ = {isa = PBXBuildFile; fileRef = 1336E7742BB722420000BBFD /* OpenCVWrapper.mm */; };
		1336E7782BB7252C0000BBFD /* drinkingglasses.jpg in Resources */ = {isa = PBXBuildFile; fileRef = 1336E7772BB7252C0000BBFD /* drinkingglasses.jpg */; };
		13658C542BBF2765000054F3 /* opencv2.xcframework in Frameworks */ = {isa = PBXBuildFile; fileRef = 13658C532BBF2765000054F3 /* opencv2.xcframework */; };
		13B5BF652BB2505900D8A8F8 /* AppDelegate.swift in Sources */ = {isa = PBXBuildFile; fileRef = 13B5BF642BB2505900D8A8F8 /* AppDelegate.swift */; };
		13B5BF672BB2505900D8A8F8 /* ContentView.swift in Sources */ = {isa = PBXBuildFile; fileRef = 13B5BF662BB2505900D8A8F8 /* ContentView.swift */; };
		13B5BF692BB2505900D8A8F8 /* Assets.xcassets in Resources */ = {isa = PBXBuildFile; fileRef = 13B5BF682BB2505900D8A8F8 /* Assets.xcassets */; };
		13B5BF6C2BB2505900D8A8F8 /* Preview Assets.xcassets in Resources */ = {isa = PBXBuildFile; fileRef = 13B5BF6B2BB2505900D8A8F8 /* Preview Assets.xcassets */; };
		13B5BF762BB2505A00D8A8F8 /* testTests.swift in Sources */ = {isa = PBXBuildFile; fileRef = 13B5BF752BB2505A00D8A8F8 /* testTests.swift */; };
		13B5BF802BB2505A00D8A8F8 /* testUITests.swift in Sources */ = {isa = PBXBuildFile; fileRef = 13B5BF7F2BB2505A00D8A8F8 /* testUITests.swift */; };
		13B5BF822BB2505A00D8A8F8 /* testUITestsLaunchTests.swift in Sources */ = {isa = PBXBuildFile; fileRef = 13B5BF812BB2505A00D8A8F8 /* testUITestsLaunchTests.swift */; };
/* End PBXBuildFile section */

/* Begin PBXContainerItemProxy section */
		13B5BF722BB2505A00D8A8F8 /* PBXContainerItemProxy */ = {
			isa = PBXContainerItemProxy;
			containerPortal = 13B5BF592BB2505900D8A8F8 /* Project object */;
			proxyType = 1;
			remoteGlobalIDString = 13B5BF602BB2505900D8A8F8;
			remoteInfo = test;
		};
		13B5BF7C2BB2505A00D8A8F8 /* PBXContainerItemProxy */ = {
			isa = PBXContainerItemProxy;
			containerPortal = 13B5BF592BB2505900D8A8F8 /* Project object */;
			proxyType = 1;
			remoteGlobalIDString = 13B5BF602BB2505900D8A8F8;
			remoteInfo = test;
		};
/* End PBXContainerItemProxy section */

/* Begin PBXFileReference section */
		1336E7722BB722420000BBFD /* test-Bridging-Header.h */ = {isa = PBXFileReference; lastKnownFileType = sourcecode.c.h; path = "test-Bridging-Header.h"; sourceTree = "<group>"; };
		1336E7732BB722420000BBFD /* OpenCVWrapper.h */ = {isa = PBXFileReference; lastKnownFileType = sourcecode.c.h; path = OpenCVWrapper.h; sourceTree = "<group>"; };
		1336E7742BB722420000BBFD /* OpenCVWrapper.mm */ = {isa = PBXFileReference; lastKnownFileType = sourcecode.cpp.objcpp; path = OpenCVWrapper.mm; sourceTree = "<group>"; };
		1336E7762BB722BF0000BBFD /* PrefixHeader.pch */ = {isa = PBXFileReference; lastKnownFileType = sourcecode.c.h; path = PrefixHeader.pch; sourceTree = "<group>"; };
		1336E7772BB7252C0000BBFD /* drinkingglasses.jpg */ = {isa = PBXFileReference; lastKnownFileType = image.jpeg; path = drinkingglasses.jpg; sourceTree = "<group>"; };
		13658C532BBF2765000054F3 /* opencv2.xcframework */ = {isa = PBXFileReference; lastKnownFileType = wrapper.xcframework; name = opencv2.xcframework; path = ../../../opencv2.xcframework; sourceTree = "<group>"; };
		13B5BF612BB2505900D8A8F8 /* test.app */ = {isa = PBXFileReference; explicitFileType = wrapper.application; includeInIndex = 0; path = test.app; sourceTree = BUILT_PRODUCTS_DIR; };
		13B5BF642BB2505900D8A8F8 /* AppDelegate.swift */ = {isa = PBXFileReference; lastKnownFileType = sourcecode.swift; path = AppDelegate.swift; sourceTree = "<group>"; };
		13B5BF662BB2505900D8A8F8 /* ContentView.swift */ = {isa = PBXFileReference; lastKnownFileType = sourcecode.swift; path = ContentView.swift; sourceTree = "<group>"; };
		13B5BF682BB2505900D8A8F8 /* Assets.xcassets */ = {isa = PBXFileReference; lastKnownFileType = folder.assetcatalog; path = Assets.xcassets; sourceTree = "<group>"; };
		13B5BF6B2BB2505900D8A8F8 /* Preview Assets.xcassets */ = {isa = PBXFileReference; lastKnownFileType = folder.assetcatalog; path = "Preview Assets.xcassets"; sourceTree = "<group>"; };
		13B5BF712BB2505A00D8A8F8 /* testTests.xctest */ = {isa = PBXFileReference; explicitFileType = wrapper.cfbundle; includeInIndex = 0; path = testTests.xctest; sourceTree = BUILT_PRODUCTS_DIR; };
		13B5BF752BB2505A00D8A8F8 /* testTests.swift */ = {isa = PBXFileReference; lastKnownFileType = sourcecode.swift; path = testTests.swift; sourceTree = "<group>"; };
		13B5BF7B2BB2505A00D8A8F8 /* testUITests.xctest */ = {isa = PBXFileReference; explicitFileType = wrapper.cfbundle; includeInIndex = 0; path = testUITests.xctest; sourceTree = BUILT_PRODUCTS_DIR; };
		13B5BF7F2BB2505A00D8A8F8 /* testUITests.swift */ = {isa = PBXFileReference; lastKnownFileType = sourcecode.swift; path = testUITests.swift; sourceTree = "<group>"; };
		13B5BF812BB2505A00D8A8F8 /* testUITestsLaunchTests.swift */ = {isa = PBXFileReference; lastKnownFileType = sourcecode.swift; path = testUITestsLaunchTests.swift; sourceTree = "<group>"; };
/* End PBXFileReference section */

/* Begin PBXFrameworksBuildPhase section */
		13B5BF5E2BB2505900D8A8F8 /* Frameworks */ = {
			isa = PBXFrameworksBuildPhase;
			buildActionMask = 2147483647;
			files = (
				13658C542BBF2765000054F3 /* opencv2.xcframework in Frameworks */,
			);
			runOnlyForDeploymentPostprocessing = 0;
		};
		13B5BF6E2BB2505A00D8A8F8 /* Frameworks */ = {
			isa = PBXFrameworksBuildPhase;
			buildActionMask = 2147483647;
			files = (
			);
			runOnlyForDeploymentPostprocessing = 0;
		};
		13B5BF782BB2505A00D8A8F8 /* Frameworks */ = {
			isa = PBXFrameworksBuildPhase;
			buildActionMask = 2147483647;
			files = (
			);
			runOnlyForDeploymentPostprocessing = 0;
		};
/* End PBXFrameworksBuildPhase section */

/* Begin PBXGroup section */
		13B5BF582BB2505900D8A8F8 = {
			isa = PBXGroup;
			children = (
				13B5BF632BB2505900D8A8F8 /* test */,
				13B5BF742BB2505A00D8A8F8 /* testTests */,
				13B5BF7E2BB2505A00D8A8F8 /* testUITests */,
				13B5BF622BB2505900D8A8F8 /* Products */,
			);
			sourceTree = "<group>";
		};
		13B5BF622BB2505900D8A8F8 /* Products */ = {
			isa = PBXGroup;
			children = (
				13B5BF612BB2505900D8A8F8 /* test.app */,
				13B5BF712BB2505A00D8A8F8 /* testTests.xctest */,
				13B5BF7B2BB2505A00D8A8F8 /* testUITests.xctest */,
			);
			name = Products;
			sourceTree = "<group>";
		};
		13B5BF632BB2505900D8A8F8 /* test */ = {
			isa = PBXGroup;
			children = (
				13B5BF642BB2505900D8A8F8 /* AppDelegate.swift */,
				13B5BF662BB2505900D8A8F8 /* ContentView.swift */,
				1336E7732BB722420000BBFD /* OpenCVWrapper.h */,
				1336E7742BB722420000BBFD /* OpenCVWrapper.mm */,
				13B5BF682BB2505900D8A8F8 /* Assets.xcassets */,
				1336E7772BB7252C0000BBFD /* drinkingglasses.jpg */,
				13658C532BBF2765000054F3 /* opencv2.xcframework */,
				13B5BF6A2BB2505900D8A8F8 /* Preview Content */,
				1336E7722BB722420000BBFD /* test-Bridging-Header.h */,
				1336E7762BB722BF0000BBFD /* PrefixHeader.pch */,
			);
			path = test;
			sourceTree = "<group>";
		};
		13B5BF6A2BB2505900D8A8F8 /* Preview Content */ = {
			isa = PBXGroup;
			children = (
				13B5BF6B2BB2505900D8A8F8 /* Preview Assets.xcassets */,
			);
			path = "Preview Content";
			sourceTree = "<group>";
		};
		13B5BF742BB2505A00D8A8F8 /* testTests */ = {
			isa = PBXGroup;
			children = (
				13B5BF752BB2505A00D8A8F8 /* testTests.swift */,
			);
			path = testTests;
			sourceTree = "<group>";
		};
		13B5BF7E2BB2505A00D8A8F8 /* testUITests */ = {
			isa = PBXGroup;
			children = (
				13B5BF7F2BB2505A00D8A8F8 /* testUITests.swift */,
				13B5BF812BB2505A00D8A8F8 /* testUITestsLaunchTests.swift */,
			);
			path = testUITests;
			sourceTree = "<group>";
		};
/* End PBXGroup section */

/* Begin PBXNativeTarget section */
		13B5BF602BB2505900D8A8F8 /* test */ = {
			isa = PBXNativeTarget;
			buildConfigurationList = 13B5BF852BB2505A00D8A8F8 /* Build configuration list for PBXNativeTarget "test" */;
			buildPhases = (
				13B5BF5D2BB2505900D8A8F8 /* Sources */,
				13B5BF5E2BB2505900D8A8F8 /* Frameworks */,
				13B5BF5F2BB2505900D8A8F8 /* Resources */,
			);
			buildRules = (
			);
			dependencies = (
			);
			name = test;
			productName = test;
			productReference = 13B5BF612BB2505900D8A8F8 /* test.app */;
			productType = "com.apple.product-type.application";
		};
		13B5BF702BB2505A00D8A8F8 /* testTests */ = {
			isa = PBXNativeTarget;
			buildConfigurationList = 13B5BF882BB2505A00D8A8F8 /* Build configuration list for PBXNativeTarget "testTests" */;
			buildPhases = (
				13B5BF6D2BB2505A00D8A8F8 /* Sources */,
				13B5BF6E2BB2505A00D8A8F8 /* Frameworks */,
				13B5BF6F2BB2505A00D8A8F8 /* Resources */,
			);
			buildRules = (
			);
			dependencies = (
				13B5BF732BB2505A00D8A8F8 /* PBXTargetDependency */,
			);
			name = testTests;
			productName = testTests;
			productReference = 13B5BF712BB2505A00D8A8F8 /* testTests.xctest */;
			productType = "com.apple.product-type.bundle.unit-test";
		};
		13B5BF7A2BB2505A00D8A8F8 /* testUITests */ = {
			isa = PBXNativeTarget;
			buildConfigurationList = 13B5BF8B2BB2505A00D8A8F8 /* Build configuration list for PBXNativeTarget "testUITests" */;
			buildPhases = (
				13B5BF772BB2505A00D8A8F8 /* Sources */,
				13B5BF782BB2505A00D8A8F8 /* Frameworks */,
				13B5BF792BB2505A00D8A8F8 /* Resources */,
			);
			buildRules = (
			);
			dependencies = (
				13B5BF7D2BB2505A00D8A8F8 /* PBXTargetDependency */,
			);
			name = testUITests;
			productName = testUITests;
			productReference = 13B5BF7B2BB2505A00D8A8F8 /* testUITests.xctest */;
			productType = "com.apple.product-type.bundle.ui-testing";
		};
/* End PBXNativeTarget section */

/* Begin PBXProject section */
		13B5BF592BB2505900D8A8F8 /* Project object */ = {
			isa = PBXProject;
			attributes = {
				BuildIndependentTargetsInParallel = 1;
				LastSwiftUpdateCheck = 1510;
				LastUpgradeCheck = 1510;
				TargetAttributes = {
					13B5BF602BB2505900D8A8F8 = {
						CreatedOnToolsVersion = 15.1;
						LastSwiftMigration = 1510;
					};
					13B5BF702BB2505A00D8A8F8 = {
						CreatedOnToolsVersion = 15.1;
						TestTargetID = 13B5BF602BB2505900D8A8F8;
					};
					13B5BF7A2BB2505A00D8A8F8 = {
						CreatedOnToolsVersion = 15.1;
						TestTargetID = 13B5BF602BB2505900D8A8F8;
					};
				};
			};
			buildConfigurationList = 13B5BF5C2BB2505900D8A8F8 /* Build configuration list for PBXProject "test" */;
			compatibilityVersion = "Xcode 14.0";
			developmentRegion = en;
			hasScannedForEncodings = 0;
			knownRegions = (
				en,
				Base,
			);
			mainGroup = 13B5BF582BB2505900D8A8F8;
			productRefGroup = 13B5BF622BB2505900D8A8F8 /* Products */;
			projectDirPath = "";
			projectRoot = "";
			targets = (
				13B5BF602BB2505900D8A8F8 /* test */,
				13B5BF702BB2505A00D8A8F8 /* testTests */,
				13B5BF7A2BB2505A00D8A8F8 /* testUITests */,
			);
		};
/* End PBXProject section */

/* Begin PBXResourcesBuildPhase section */
		13B5BF5F2BB2505900D8A8F8 /* Resources */ = {
			isa = PBXResourcesBuildPhase;
			buildActionMask = 2147483647;
			files = (
				13B5BF6C2BB2505900D8A8F8 /* Preview Assets.xcassets in Resources */,
				1336E7782BB7252C0000BBFD /* drinkingglasses.jpg in Resources */,
				13B5BF692BB2505900D8A8F8 /* Assets.xcassets in Resources */,
			);
			runOnlyForDeploymentPostprocessing = 0;
		};
		13B5BF6F2BB2505A00D8A8F8 /* Resources */ = {
			isa = PBXResourcesBuildPhase;
			buildActionMask = 2147483647;
			files = (
			);
			runOnlyForDeploymentPostprocessing = 0;
		};
		13B5BF792BB2505A00D8A8F8 /* Resources */ = {
			isa = PBXResourcesBuildPhase;
			buildActionMask = 2147483647;
			files = (
			);
			runOnlyForDeploymentPostprocessing = 0;
		};
/* End PBXResourcesBuildPhase section */

/* Begin PBXSourcesBuildPhase section */
		13B5BF5D2BB2505900D8A8F8 /* Sources */ = {
			isa = PBXSourcesBuildPhase;
			buildActionMask = 2147483647;
			files = (
				13B5BF672BB2505900D8A8F8 /* ContentView.swift in Sources */,
				13B5BF652BB2505900D8A8F8 /* AppDelegate.swift in Sources */,
				1336E7752BB722420000BBFD /* OpenCVWrapper.mm in Sources */,
			);
			runOnlyForDeploymentPostprocessing = 0;
		};
		13B5BF6D2BB2505A00D8A8F8 /* Sources */ = {
			isa = PBXSourcesBuildPhase;
			buildActionMask = 2147483647;
			files = (
				13B5BF762BB2505A00D8A8F8 /* testTests.swift in Sources */,
			);
			runOnlyForDeploymentPostprocessing = 0;
		};
		13B5BF772BB2505A00D8A8F8 /* Sources */ = {
			isa = PBXSourcesBuildPhase;
			buildActionMask = 2147483647;
			files = (
				13B5BF822BB2505A00D8A8F8 /* testUITestsLaunchTests.swift in Sources */,
				13B5BF802BB2505A00D8A8F8 /* testUITests.swift in Sources */,
			);
			runOnlyForDeploymentPostprocessing = 0;
		};
/* End PBXSourcesBuildPhase section */

/* Begin PBXTargetDependency section */
		13B5BF732BB2505A00D8A8F8 /* PBXTargetDependency */ = {
			isa = PBXTargetDependency;
			target = 13B5BF602BB2505900D8A8F8 /* test */;
			targetProxy = 13B5BF722BB2505A00D8A8F8 /* PBXContainerItemProxy */;
		};
		13B5BF7D2BB2505A00D8A8F8 /* PBXTargetDependency */ = {
			isa = PBXTargetDependency;
			target = 13B5BF602BB2505900D8A8F8 /* test */;
			targetProxy = 13B5BF7C2BB2505A00D8A8F8 /* PBXContainerItemProxy */;
		};
/* End PBXTargetDependency section */

/* Begin XCBuildConfiguration section */
		13B5BF832BB2505A00D8A8F8 /* Debug */ = {
			isa = XCBuildConfiguration;
			buildSettings = {
				ALWAYS_SEARCH_USER_PATHS = NO;
				ASSETCATALOG_COMPILER_GENERATE_SWIFT_ASSET_SYMBOL_EXTENSIONS = YES;
				CLANG_ANALYZER_NONNULL = YES;
				CLANG_ANALYZER_NUMBER_OBJECT_CONVERSION = YES_AGGRESSIVE;
				CLANG_CXX_LANGUAGE_STANDARD = "gnu++20";
				CLANG_ENABLE_MODULES = YES;
				CLANG_ENABLE_OBJC_ARC = YES;
				CLANG_ENABLE_OBJC_WEAK = YES;
				CLANG_WARN_BLOCK_CAPTURE_AUTORELEASING = YES;
				CLANG_WARN_BOOL_CONVERSION = YES;
				CLANG_WARN_COMMA = YES;
				CLANG_WARN_CONSTANT_CONVERSION = YES;
				CLANG_WARN_DEPRECATED_OBJC_IMPLEMENTATIONS = YES;
				CLANG_WARN_DIRECT_OBJC_ISA_USAGE = YES_ERROR;
				CLANG_WARN_DOCUMENTATION_COMMENTS = YES;
				CLANG_WARN_EMPTY_BODY = YES;
				CLANG_WARN_ENUM_CONVERSION = YES;
				CLANG_WARN_INFINITE_RECURSION = YES;
				CLANG_WARN_INT_CONVERSION = YES;
				CLANG_WARN_NON_LITERAL_NULL_CONVERSION = YES;
				CLANG_WARN_OBJC_IMPLICIT_RETAIN_SELF = YES;
				CLANG_WARN_OBJC_LITERAL_CONVERSION = YES;
				CLANG_WARN_OBJC_ROOT_CLASS = YES_ERROR;
				CLANG_WARN_QUOTED_INCLUDE_IN_FRAMEWORK_HEADER = YES;
				CLANG_WARN_RANGE_LOOP_ANALYSIS = YES;
				CLANG_WARN_STRICT_PROTOTYPES = YES;
				CLANG_WARN_SUSPICIOUS_MOVE = YES;
				CLANG_WARN_UNGUARDED_AVAILABILITY = YES_AGGRESSIVE;
				CLANG_WARN_UNREACHABLE_CODE = YES;
				CLANG_WARN__DUPLICATE_METHOD_MATCH = YES;
				COPY_PHASE_STRIP = NO;
				DEBUG_INFORMATION_FORMAT = dwarf;
				ENABLE_STRICT_OBJC_MSGSEND = YES;
				ENABLE_TESTABILITY = YES;
				ENABLE_USER_SCRIPT_SANDBOXING = YES;
				GCC_C_LANGUAGE_STANDARD = gnu17;
				GCC_DYNAMIC_NO_PIC = NO;
				GCC_NO_COMMON_BLOCKS = YES;
				GCC_OPTIMIZATION_LEVEL = 0;
				GCC_PREPROCESSOR_DEFINITIONS = (
					"DEBUG=1",
					"$(inherited)",
				);
				GCC_WARN_64_TO_32_BIT_CONVERSION = YES;
				GCC_WARN_ABOUT_RETURN_TYPE = YES_ERROR;
				GCC_WARN_UNDECLARED_SELECTOR = YES;
				GCC_WARN_UNINITIALIZED_AUTOS = YES_AGGRESSIVE;
				GCC_WARN_UNUSED_FUNCTION = YES;
				GCC_WARN_UNUSED_VARIABLE = YES;
				IPHONEOS_DEPLOYMENT_TARGET = 17.2;
				LOCALIZATION_PREFERS_STRING_CATALOGS = YES;
				MTL_ENABLE_DEBUG_INFO = INCLUDE_SOURCE;
				MTL_FAST_MATH = YES;
				ONLY_ACTIVE_ARCH = YES;
				SDKROOT = iphoneos;
				SWIFT_ACTIVE_COMPILATION_CONDITIONS = "DEBUG $(inherited)";
				SWIFT_OPTIMIZATION_LEVEL = "-Onone";
			};
			name = Debug;
		};
		13B5BF842BB2505A00D8A8F8 /* Release */ = {
			isa = XCBuildConfiguration;
			buildSettings = {
				ALWAYS_SEARCH_USER_PATHS = NO;
				ASSETCATALOG_COMPILER_GENERATE_SWIFT_ASSET_SYMBOL_EXTENSIONS = YES;
				CLANG_ANALYZER_NONNULL = YES;
				CLANG_ANALYZER_NUMBER_OBJECT_CONVERSION = YES_AGGRESSIVE;
				CLANG_CXX_LANGUAGE_STANDARD = "gnu++20";
				CLANG_ENABLE_MODULES = YES;
				CLANG_ENABLE_OBJC_ARC = YES;
				CLANG_ENABLE_OBJC_WEAK = YES;
				CLANG_WARN_BLOCK_CAPTURE_AUTORELEASING = YES;
				CLANG_WARN_BOOL_CONVERSION = YES;
				CLANG_WARN_COMMA = YES;
				CLANG_WARN_CONSTANT_CONVERSION = YES;
				CLANG_WARN_DEPRECATED_OBJC_IMPLEMENTATIONS = YES;
				CLANG_WARN_DIRECT_OBJC_ISA_USAGE = YES_ERROR;
				CLANG_WARN_DOCUMENTATION_COMMENTS = YES;
				CLANG_WARN_EMPTY_BODY = YES;
				CLANG_WARN_ENUM_CONVERSION = YES;
				CLANG_WARN_INFINITE_RECURSION = YES;
				CLANG_WARN_INT_CONVERSION = YES;
				CLANG_WARN_NON_LITERAL_NULL_CONVERSION = YES;
				CLANG_WARN_OBJC_IMPLICIT_RETAIN_SELF = YES;
				CLANG_WARN_OBJC_LITERAL_CONVERSION = YES;
				CLANG_WARN_OBJC_ROOT_CLASS = YES_ERROR;
				CLANG_WARN_QUOTED_INCLUDE_IN_FRAMEWORK_HEADER = YES;
				CLANG_WARN_RANGE_LOOP_ANALYSIS = YES;
				CLANG_WARN_STRICT_PROTOTYPES = YES;
				CLANG_WARN_SUSPICIOUS_MOVE = YES;
				CLANG_WARN_UNGUARDED_AVAILABILITY = YES_AGGRESSIVE;
				CLANG_WARN_UNREACHABLE_CODE = YES;
				CLANG_WARN__DUPLICATE_METHOD_MATCH = YES;
				COPY_PHASE_STRIP = NO;
				DEBUG_INFORMATION_FORMAT = "dwarf-with-dsym";
				ENABLE_NS_ASSERTIONS = NO;
				ENABLE_STRICT_OBJC_MSGSEND = YES;
				ENABLE_USER_SCRIPT_SANDBOXING = YES;
				GCC_C_LANGUAGE_STANDARD = gnu17;
				GCC_NO_COMMON_BLOCKS = YES;
				GCC_WARN_64_TO_32_BIT_CONVERSION = YES;
				GCC_WARN_ABOUT_RETURN_TYPE = YES_ERROR;
				GCC_WARN_UNDECLARED_SELECTOR = YES;
				GCC_WARN_UNINITIALIZED_AUTOS = YES_AGGRESSIVE;
				GCC_WARN_UNUSED_FUNCTION = YES;
				GCC_WARN_UNUSED_VARIABLE = YES;
				IPHONEOS_DEPLOYMENT_TARGET = 17.2;
				LOCALIZATION_PREFERS_STRING_CATALOGS = YES;
				MTL_ENABLE_DEBUG_INFO = NO;
				MTL_FAST_MATH = YES;
				SDKROOT = iphoneos;
				SWIFT_COMPILATION_MODE = wholemodule;
				VALIDATE_PRODUCT = YES;
			};
			name = Release;
		};
		13B5BF862BB2505A00D8A8F8 /* Debug */ = {
			isa = XCBuildConfiguration;
			buildSettings = {
				ASSETCATALOG_COMPILER_APPICON_NAME = AppIcon;
				ASSETCATALOG_COMPILER_GLOBAL_ACCENT_COLOR_NAME = AccentColor;
				CLANG_ENABLE_MODULES = YES;
				CODE_SIGN_STYLE = Automatic;
				CURRENT_PROJECT_VERSION = 1;
				DEVELOPMENT_ASSET_PATHS = "\"test/Preview Content\"";
				ENABLE_PREVIEWS = YES;
				GENERATE_INFOPLIST_FILE = YES;
				INFOPLIST_KEY_NSCameraUsageDescription = "";
				INFOPLIST_KEY_UIApplicationSupportsIndirectInputEvents = YES;
				INFOPLIST_KEY_UILaunchScreen_Generation = YES;
				INFOPLIST_KEY_UIRequiredDeviceCapabilities = arkit;
				INFOPLIST_KEY_UIStatusBarHidden = YES;
				INFOPLIST_KEY_UISupportedInterfaceOrientations_iPad = "UIInterfaceOrientationPortrait UIInterfaceOrientationPortraitUpsideDown UIInterfaceOrientationLandscapeLeft UIInterfaceOrientationLandscapeRight";
				INFOPLIST_KEY_UISupportedInterfaceOrientations_iPhone = "UIInterfaceOrientationPortrait UIInterfaceOrientationLandscapeLeft UIInterfaceOrientationLandscapeRight";
				LD_RUNPATH_SEARCH_PATHS = (
					"$(inherited)",
					"@executable_path/Frameworks",
					"/Users/zhuang52/opencv-build/opencv2.xcframework",
				);
				MARKETING_VERSION = 1.0;
				PRODUCT_BUNDLE_IDENTIFIER = "-11.test";
				PRODUCT_NAME = "$(TARGET_NAME)";
				SWIFT_EMIT_LOC_STRINGS = YES;
				SWIFT_OBJC_BRIDGING_HEADER = "test/test-Bridging-Header.h";
				SWIFT_OPTIMIZATION_LEVEL = "-Onone";
				SWIFT_VERSION = 5.0;
				TARGETED_DEVICE_FAMILY = "1,2";
			};
			name = Debug;
		};
		13B5BF872BB2505A00D8A8F8 /* Release */ = {
			isa = XCBuildConfiguration;
			buildSettings = {
				ASSETCATALOG_COMPILER_APPICON_NAME = AppIcon;
				ASSETCATALOG_COMPILER_GLOBAL_ACCENT_COLOR_NAME = AccentColor;
				CLANG_ENABLE_MODULES = YES;
				CODE_SIGN_STYLE = Automatic;
				CURRENT_PROJECT_VERSION = 1;
				DEVELOPMENT_ASSET_PATHS = "\"test/Preview Content\"";
				ENABLE_PREVIEWS = YES;
				GENERATE_INFOPLIST_FILE = YES;
				INFOPLIST_KEY_NSCameraUsageDescription = "";
				INFOPLIST_KEY_UIApplicationSupportsIndirectInputEvents = YES;
				INFOPLIST_KEY_UILaunchScreen_Generation = YES;
				INFOPLIST_KEY_UIRequiredDeviceCapabilities = arkit;
				INFOPLIST_KEY_UIStatusBarHidden = YES;
				INFOPLIST_KEY_UISupportedInterfaceOrientations_iPad = "UIInterfaceOrientationPortrait UIInterfaceOrientationPortraitUpsideDown UIInterfaceOrientationLandscapeLeft UIInterfaceOrientationLandscapeRight";
				INFOPLIST_KEY_UISupportedInterfaceOrientations_iPhone = "UIInterfaceOrientationPortrait UIInterfaceOrientationLandscapeLeft UIInterfaceOrientationLandscapeRight";
				LD_RUNPATH_SEARCH_PATHS = (
					"$(inherited)",
					"@executable_path/Frameworks",
					"/Users/zhuang52/opencv-build/opencv2.xcframework",
				);
				MARKETING_VERSION = 1.0;
				PRODUCT_BUNDLE_IDENTIFIER = "-11.test";
				PRODUCT_NAME = "$(TARGET_NAME)";
				SWIFT_EMIT_LOC_STRINGS = YES;
				SWIFT_OBJC_BRIDGING_HEADER = "test/test-Bridging-Header.h";
				SWIFT_VERSION = 5.0;
				TARGETED_DEVICE_FAMILY = "1,2";
			};
			name = Release;
		};
		13B5BF892BB2505A00D8A8F8 /* Debug */ = {
			isa = XCBuildConfiguration;
			buildSettings = {
				ALWAYS_EMBED_SWIFT_STANDARD_LIBRARIES = YES;
				BUNDLE_LOADER = "$(TEST_HOST)";
				CODE_SIGN_STYLE = Automatic;
				CURRENT_PROJECT_VERSION = 1;
				GENERATE_INFOPLIST_FILE = YES;
				IPHONEOS_DEPLOYMENT_TARGET = 17.2;
				MARKETING_VERSION = 1.0;
				PRODUCT_BUNDLE_IDENTIFIER = "-11.testTests";
				PRODUCT_NAME = "$(TARGET_NAME)";
				SWIFT_EMIT_LOC_STRINGS = NO;
				SWIFT_VERSION = 5.0;
				TARGETED_DEVICE_FAMILY = "1,2";
				TEST_HOST = "$(BUILT_PRODUCTS_DIR)/test.app/$(BUNDLE_EXECUTABLE_FOLDER_PATH)/test";
			};
			name = Debug;
		};
		13B5BF8A2BB2505A00D8A8F8 /* Release */ = {
			isa = XCBuildConfiguration;
			buildSettings = {
				ALWAYS_EMBED_SWIFT_STANDARD_LIBRARIES = YES;
				BUNDLE_LOADER = "$(TEST_HOST)";
				CODE_SIGN_STYLE = Automatic;
				CURRENT_PROJECT_VERSION = 1;
				GENERATE_INFOPLIST_FILE = YES;
				IPHONEOS_DEPLOYMENT_TARGET = 17.2;
				MARKETING_VERSION = 1.0;
				PRODUCT_BUNDLE_IDENTIFIER = "-11.testTests";
				PRODUCT_NAME = "$(TARGET_NAME)";
				SWIFT_EMIT_LOC_STRINGS = NO;
				SWIFT_VERSION = 5.0;
				TARGETED_DEVICE_FAMILY = "1,2";
				TEST_HOST = "$(BUILT_PRODUCTS_DIR)/test.app/$(BUNDLE_EXECUTABLE_FOLDER_PATH)/test";
			};
			name = Release;
		};
		13B5BF8C2BB2505A00D8A8F8 /* Debug */ = {
			isa = XCBuildConfiguration;
			buildSettings = {
				ALWAYS_EMBED_SWIFT_STANDARD_LIBRARIES = YES;
				CODE_SIGN_STYLE = Automatic;
				CURRENT_PROJECT_VERSION = 1;
				GENERATE_INFOPLIST_FILE = YES;
				MARKETING_VERSION = 1.0;
				PRODUCT_BUNDLE_IDENTIFIER = "-11.testUITests";
				PRODUCT_NAME = "$(TARGET_NAME)";
				SWIFT_EMIT_LOC_STRINGS = NO;
				SWIFT_VERSION = 5.0;
				TARGETED_DEVICE_FAMILY = "1,2";
				TEST_TARGET_NAME = test;
			};
			name = Debug;
		};
		13B5BF8D2BB2505A00D8A8F8 /* Release */ = {
			isa = XCBuildConfiguration;
			buildSettings = {
				ALWAYS_EMBED_SWIFT_STANDARD_LIBRARIES = YES;
				CODE_SIGN_STYLE = Automatic;
				CURRENT_PROJECT_VERSION = 1;
				GENERATE_INFOPLIST_FILE = YES;
				MARKETING_VERSION = 1.0;
				PRODUCT_BUNDLE_IDENTIFIER = "-11.testUITests";
				PRODUCT_NAME = "$(TARGET_NAME)";
				SWIFT_EMIT_LOC_STRINGS = NO;
				SWIFT_VERSION = 5.0;
				TARGETED_DEVICE_FAMILY = "1,2";
				TEST_TARGET_NAME = test;
			};
			name = Release;
		};
/* End XCBuildConfiguration section */

/* Begin XCConfigurationList section */
		13B5BF5C2BB2505900D8A8F8 /* Build configuration list for PBXProject "test" */ = {
			isa = XCConfigurationList;
			buildConfigurations = (
				13B5BF832BB2505A00D8A8F8 /* Debug */,
				13B5BF842BB2505A00D8A8F8 /* Release */,
			);
			defaultConfigurationIsVisible = 0;
			defaultConfigurationName = Release;
		};
		13B5BF852BB2505A00D8A8F8 /* Build configuration list for PBXNativeTarget "test" */ = {
			isa = XCConfigurationList;
			buildConfigurations = (
				13B5BF862BB2505A00D8A8F8 /* Debug */,
				13B5BF872BB2505A00D8A8F8 /* Release */,
			);
			defaultConfigurationIsVisible = 0;
			defaultConfigurationName = Release;
		};
		13B5BF882BB2505A00D8A8F8 /* Build configuration list for PBXNativeTarget "testTests" */ = {
			isa = XCConfigurationList;
			buildConfigurations = (
				13B5BF892BB2505A00D8A8F8 /* Debug */,
				13B5BF8A2BB2505A00D8A8F8 /* Release */,
			);
			defaultConfigurationIsVisible = 0;
			defaultConfigurationName = Release;
		};
		13B5BF8B2BB2505A00D8A8F8 /* Build configuration list for PBXNativeTarget "testUITests" */ = {
			isa = XCConfigurationList;
			buildConfigurations = (
				13B5BF8C2BB2505A00D8A8F8 /* Debug */,
				13B5BF8D2BB2505A00D8A8F8 /* Release */,
			);
			defaultConfigurationIsVisible = 0;
			defaultConfigurationName = Release;
		};
/* End XCConfigurationList section */
	};
	rootObject = 13B5BF592BB2505900D8A8F8 /* Project object */;
}
